
Microsoft Visual Studio Solution File, Format Version 12.00
# Visual Studio 2012
Project("{FAE04EC0-301F-11D3-BF4B-00C04F79EFBC}") = "PipelineRunner", "PipelineRunner\PipelineRunner.csproj", "{EF7BD99A-D1B8-412F-89C5-FB65148EB25D}"
EndProject
Project("{FAE04EC0-301F-11D3-BF4B-00C04F79EFBC}") = "PipelineRunner.Tests", "PipelineRunner.Tests\PipelineRunner.Tests.csproj", "{9999BCE3-FEAC-44EE-A5D7-EC5BB224EAC0}"
EndProject
Project("{2150E333-8FDC-42A3-9474-1A3956D46DE8}") = ".nuget", ".nuget", "{35ECD729-BDE8-4616-9F19-CAD1E0C51DA9}"
	ProjectSection(SolutionItems) = preProject
		.nuget\NuGet.Config = .nuget\NuGet.Config
		.nuget\NuGet.exe = .nuget\NuGet.exe
		.nuget\NuGet.targets = .nuget\NuGet.targets
	EndProjectSection
EndProject
Global
	GlobalSection(CodealikeProperties) = postSolution
		SolutionGuid = cb096b27-3da5-48b2-ad9f-16365eaa9872
	EndGlobalSection
	GlobalSection(SolutionConfigurationPlatforms) = preSolution
		Debug|Any CPU = Debug|Any CPU
		Release|Any CPU = Release|Any CPU
	EndGlobalSection
	GlobalSection(ProjectConfigurationPlatforms) = postSolution
		{EF7BD99A-D1B8-412F-89C5-FB65148EB25D}.Debug|Any CPU.ActiveCfg = Debug|Any CPU
		{EF7BD99A-D1B8-412F-89C5-FB65148EB25D}.Debug|Any CPU.Build.0 = Debug|Any CPU
		{EF7BD99A-D1B8-412F-89C5-FB65148EB25D}.Release|Any CPU.ActiveCfg = Release|Any CPU
		{EF7BD99A-D1B8-412F-89C5-FB65148EB25D}.Release|Any CPU.Build.0 = Release|Any CPU
		{9999BCE3-FEAC-44EE-A5D7-EC5BB224EAC0}.Debug|Any CPU.ActiveCfg = Debug|Any CPU
		{9999BCE3-FEAC-44EE-A5D7-EC5BB224EAC0}.Debug|Any CPU.Build.0 = Debug|Any CPU
		{9999BCE3-FEAC-44EE-A5D7-EC5BB224EAC0}.Release|Any CPU.ActiveCfg = Release|Any CPU
		{9999BCE3-FEAC-44EE-A5D7-EC5BB224EAC0}.Release|Any CPU.Build.0 = Release|Any CPU
	EndGlobalSection
	GlobalSection(SolutionProperties) = preSolution
		HideSolutionNode = FALSE
	EndGlobalSection
EndGlobal
